
Microsoft Visual Studio Solution File, Format Version 12.00
# Visual Studio Version 16
VisualStudioVersion = 16.0.31702.278
MinimumVisualStudioVersion = 10.0.40219.1
Project("{FAE04EC0-301F-11D3-BF4B-00C04F79EFBC}") = "pz_5", "pz_5\pz_5.csproj", "{8D559727-6934-4238-BDE3-2DB57853B944}"
EndProject
Global
	GlobalSection(SolutionConfigurationPlatforms) = preSolution
		Debug|Any CPU = Debug|Any CPU
		Release|Any CPU = Release|Any CPU
	EndGlobalSection
	GlobalSection(ProjectConfigurationPlatforms) = postSolution
		{8D559727-6934-4238-BDE3-2DB57853B944}.Debug|Any CPU.ActiveCfg = Debug|Any CPU
		{8D559727-6934-4238-BDE3-2DB57853B944}.Debug|Any CPU.Build.0 = Debug|Any CPU
		{8D559727-6934-4238-BDE3-2DB57853B944}.Release|Any CPU.ActiveCfg = Release|Any CPU
		{8D559727-6934-4238-BDE3-2DB57853B944}.Release|Any CPU.Build.0 = Release|Any CPU
	EndGlobalSection
	GlobalSection(SolutionProperties) = preSolution
		HideSolutionNode = FALSE
	EndGlobalSection
	GlobalSection(ExtensibilityGlobals) = postSolution
		SolutionGuid = {09DA883B-CB8D-4D66-8764-E51E86E0A392}
	EndGlobalSection
EndGlobal
